
Microsoft Visual Studio Solution File, Format Version 11.00
# Visual Studio 2010
Project("{8BC9CEB8-8B4A-11D0-8D11-00A0C91BC942}") = "WebCapture", "WebCapture\WebCapture.vcxproj", "{DFDCA4BA-05B1-4AFF-8B8D-E1CC57ACC58A}"
EndProject
Global
	GlobalSection(SolutionConfigurationPlatforms) = preSolution
		Debug|Win32 = Debug|Win32
		Release|Win32 = Release|Win32
		Unicode Debug|Win32 = Unicode Debug|Win32
		Unicode Release|Win32 = Unicode Release|Win32
	EndGlobalSection
	GlobalSection(ProjectConfigurationPlatforms) = postSolution
		{DFDCA4BA-05B1-4AFF-8B8D-E1CC57ACC58A}.Debug|Win32.ActiveCfg = Debug|Win32
		{DFDCA4BA-05B1-4AFF-8B8D-E1CC57ACC58A}.Debug|Win32.Build.0 = Debug|Win32
		{DFDCA4BA-05B1-4AFF-8B8D-E1CC57ACC58A}.Release|Win32.ActiveCfg = Release|Win32
		{DFDCA4BA-05B1-4AFF-8B8D-E1CC57ACC58A}.Release|Win32.Build.0 = Release|Win32
		{DFDCA4BA-05B1-4AFF-8B8D-E1CC57ACC58A}.Unicode Debug|Win32.ActiveCfg = Unicode Debug|Win32
		{DFDCA4BA-05B1-4AFF-8B8D-E1CC57ACC58A}.Unicode Debug|Win32.Build.0 = Unicode Debug|Win32
		{DFDCA4BA-05B1-4AFF-8B8D-E1CC57ACC58A}.Unicode Release|Win32.ActiveCfg = Unicode Release|Win32
		{DFDCA4BA-05B1-4AFF-8B8D-E1CC57ACC58A}.Unicode Release|Win32.Build.0 = Unicode Release|Win32
	EndGlobalSection
	GlobalSection(SolutionProperties) = preSolution
		HideSolutionNode = FALSE
	EndGlobalSection
EndGlobal
